# THIS IS AN AUTOGENERATED FILE. DO NOT EDIT THIS FILE DIRECTLY.
# yarn lockfile v1


"@app/lib1@../lib1/package.tgz":
  version "1.0.4"
  resolved "../lib1/package.tgz#519a67268364ec47b02b607dd88491583bc854eb"
  dependencies:
    lodash "4.10.0"

"@slimr/util@^2.0.0":
  version "2.2.8"
  resolved "https://registry.yarnpkg.com/@slimr/util/-/util-2.2.8.tgz#d2677b66f068be62de70d3e0ca969319311fd388"
  integrity sha512-JmPOQ2sDrXODz3S7Jlcdh5pHiEBAVjdavpNYlKdV2Y+vOsJKacMHOJSJRNIWgB5NS+V7anRPXWclhGfMueKvJQ==
  dependencies:
    deep-object-diff "1.1.9"
    fast-deep-equal "3.1.3"
    fast-shallow-equal "1.0.0"
    highlight.js "11.7.0"
    is-what "4.1.8"
    merge-anything "5.1.4"
    nanoid "4.0.1"

deep-object-diff@1.1.9:
  version "1.1.9"
  resolved "https://registry.yarnpkg.com/deep-object-diff/-/deep-object-diff-1.1.9.tgz#6df7ef035ad6a0caa44479c536ed7b02570f4595"
  integrity sha512-Rn+RuwkmkDwCi2/oXOFS9Gsr5lJZu/yTGpK7wAaAIE75CC+LCGEZHpY6VQJa/RoJcrmaA/docWJZvYohlNkWPA==

fast-deep-equal@3.1.3:
  version "3.1.3"
  resolved "https://registry.yarnpkg.com/fast-deep-equal/-/fast-deep-equal-3.1.3.tgz#3a7d56b559d6cbc3eb512325244e619a65c6c525"
  integrity sha512-f3qQ9oQy9j2AhBe/H9VC91wLmKBCCU/gDOnKNAYG5hswO7BLKj09Hc5HYNz9cGI++xlpDCIgDaitVs03ATR84Q==

fast-shallow-equal@1.0.0:
  version "1.0.0"
  resolved "https://registry.yarnpkg.com/fast-shallow-equal/-/fast-shallow-equal-1.0.0.tgz#d4dcaf6472440dcefa6f88b98e3251e27f25628b"
  integrity sha512-HPtaa38cPgWvaCFmRNhlc6NG7pv6NUHqjPgVAkWGoB9mQMwYB27/K0CvOM5Czy+qpT3e8XJ6Q4aPAnzpNpzNaw==

highlight.js@11.7.0:
  version "11.7.0"
  resolved "https://registry.yarnpkg.com/highlight.js/-/highlight.js-11.7.0.tgz#3ff0165bc843f8c9bce1fd89e2fda9143d24b11e"
  integrity sha512-1rRqesRFhMO/PRF+G86evnyJkCgaZFOI+Z6kdj15TA18funfoqJXvgPCLSf0SWq3SRfg1j3HlDs8o4s3EGq1oQ==

is-what@4.1.8:
  version "4.1.8"
  resolved "https://registry.yarnpkg.com/is-what/-/is-what-4.1.8.tgz#0e2a8807fda30980ddb2571c79db3d209b14cbe4"
  integrity sha512-yq8gMao5upkPoGEU9LsB2P+K3Kt8Q3fQFCGyNCWOAnJAMzEXVV9drYb0TXr42TTliLLhKIBvulgAXgtLLnwzGA==

is-what@^4.1.8:
  version "4.1.16"
  resolved "https://registry.yarnpkg.com/is-what/-/is-what-4.1.16.tgz#1ad860a19da8b4895ad5495da3182ce2acdd7a6f"
  integrity sha512-ZhMwEosbFJkA0YhFnNDgTM4ZxDRsS6HqTo7qsZM08fehyRYIYa0yHu5R6mgo1n/8MgaPBXiPimPD77baVFYg+A==

lodash@4.10.0:
  version "4.10.0"
  resolved "https://registry.yarnpkg.com/lodash/-/lodash-4.10.0.tgz#3d8f3ac7a5a904fdb01e2cfe1401879bf9652c6a"
  integrity sha512-uDkT/I1Y2X0gvxCdeosY9/XImqohEKRrvj/NLXA7H1NKWdu61lHnrIHiQPNlvIXCzsbnBqwdheW0AbKMxMQF+Q==

merge-anything@5.1.4:
  version "5.1.4"
  resolved "https://registry.yarnpkg.com/merge-anything/-/merge-anything-5.1.4.tgz#c63132bfa5a4eddeff6f8dfa0df9d930253c8dee"
  integrity sha512-7PWKwGOs5WWcpw+/OvbiFiAvEP6bv/QHiicigpqMGKIqPPAtGhBLR8LFJW+Zu6m9TXiR/a8+AiPlGG0ko1ruoQ==
  dependencies:
    is-what "^4.1.8"

nanoid@4.0.1:
  version "4.0.1"
  resolved "https://registry.yarnpkg.com/nanoid/-/nanoid-4.0.1.tgz#398d7ccfdbf9faf2231b2ca7e8fff5dbca6a509b"
  integrity sha512-udKGtCCUafD3nQtJg9wBhRP3KMbPglUsgV5JVsXhvyBs/oefqb4sqMEhKBBgqZncYowu58p1prsZQBYvAj/Gww==

typescript@^5.3.3:
  version "5.4.5"
  resolved "https://registry.yarnpkg.com/typescript/-/typescript-5.4.5.tgz#42ccef2c571fdbd0f6718b1d1f5e6e5ef006f611"
  integrity sha512-vcI4UpRgg81oIRUFwR0WSIHKt11nJ7SAVlYNIu+QpqeyXP+gpQJy/Z4+F0aGxSE4MqwjyXvW/TzgkLAx2AGHwQ==
